
Microsoft Visual Studio Solution File, Format Version 12.00
# Visual Studio Version 17
VisualStudioVersion = 17.3.32901.215
MinimumVisualStudioVersion = 10.0.40219.1
Project("{FAE04EC0-301F-11D3-BF4B-00C04F79EFBC}") = "ConsoleApp1", "ConsoleApp1.csproj", "{4AB22CE7-8FEA-49BA-B563-C120DBEC284A}"
EndProject
Global
	GlobalSection(SolutionConfigurationPlatforms) = preSolution
		Debug|Any CPU = Debug|Any CPU
		Release|Any CPU = Release|Any CPU
	EndGlobalSection
	GlobalSection(ProjectConfigurationPlatforms) = postSolution
		{4AB22CE7-8FEA-49BA-B563-C120DBEC284A}.Debug|Any CPU.ActiveCfg = Debug|Any CPU
		{4AB22CE7-8FEA-49BA-B563-C120DBEC284A}.Debug|Any CPU.Build.0 = Debug|Any CPU
		{4AB22CE7-8FEA-49BA-B563-C120DBEC284A}.Release|Any CPU.ActiveCfg = Release|Any CPU
		{4AB22CE7-8FEA-49BA-B563-C120DBEC284A}.Release|Any CPU.Build.0 = Release|Any CPU
	EndGlobalSection
	GlobalSection(SolutionProperties) = preSolution
		HideSolutionNode = FALSE
	EndGlobalSection
	GlobalSection(ExtensibilityGlobals) = postSolution
		SolutionGuid = {6347A92F-0B11-4127-BC86-BAFCB09A22C5}
	EndGlobalSection
EndGlobal
